// !$*UTF8*$!
{
	archiveVersion = 1;
	classes = {
	};
	objectVersion = 46;
	objects = {

/* Begin PBXBuildFile section */
		B25FEEAD1B731308004AF2DD /* main.m in Sources */ = {isa = PBXBuildFile; fileRef = B25FEEAC1B731308004AF2DD /* main.m */; };
		B25FEEB01B731308004AF2DD /* AppDelegate.m in Sources */ = {isa = PBXBuildFile; fileRef = B25FEEAF1B731308004AF2DD /* AppDelegate.m */; };
		B25FEEB31B731308004AF2DD /* ViewController.m in Sources */ = {isa = PBXBuildFile; fileRef = B25FEEB21B731308004AF2DD /* ViewController.m */; };
		B25FEEB61B731308004AF2DD /* Main.storyboard in Resources */ = {isa = PBXBuildFile; fileRef = B25FEEB41B731308004AF2DD /* Main.storyboard */; };
		B25FEEB81B731308004AF2DD /* Images.xcassets in Resources */ = {isa = PBXBuildFile; fileRef = B25FEEB71B731308004AF2DD /* Images.xcassets */; };
		B25FEEBB1B731308004AF2DD /* LaunchScreen.xib in Resources */ = {isa = PBXBuildFile; fileRef = B25FEEB91B731308004AF2DD /* LaunchScreen.xib */; };
		B25FEEC71B731308004AF2DD /* InfoShareTests.m in Sources */ = {isa = PBXBuildFile; fileRef = B25FEEC61B731308004AF2DD /* InfoShareTests.m */; };
/* End PBXBuildFile section */

/* Begin PBXContainerItemProxy section */
		B25FEEC11B731308004AF2DD /* PBXContainerItemProxy */ = {
			isa = PBXContainerItemProxy;
			containerPortal = B25FEE9F1B731308004AF2DD /* Project object */;
			proxyType = 1;
			remoteGlobalIDString = B25FEEA61B731308004AF2DD;
			remoteInfo = InfoShare;
		};
/* End PBXContainerItemProxy section */

/* Begin PBXFileReference section */
		B25FEEA71B731308004AF2DD /* InfoShare.app */ = {isa = PBXFileReference; explicitFileType = wrapper.application; includeInIndex = 0; path = InfoShare.app; sourceTree = BUILT_PRODUCTS_DIR; };
		B25FEEAB1B731308004AF2DD /* Info.plist */ = {isa = PBXFileReference; lastKnownFileType = text.plist.xml; path = Info.plist; sourceTree = "<group>"; };
		B25FEEAC1B731308004AF2DD /* main.m */ = {isa = PBXFileReference; lastKnownFileType = sourcecode.c.objc; path = main.m; sourceTree = "<group>"; };
		B25FEEAE1B731308004AF2DD /* AppDelegate.h */ = {isa = PBXFileReference; lastKnownFileType = sourcecode.c.h; path = AppDelegate.h; sourceTree = "<group>"; };
		B25FEEAF1B731308004AF2DD /* AppDelegate.m */ = {isa = PBXFileReference; lastKnownFileType = sourcecode.c.objc; path = AppDelegate.m; sourceTree = "<group>"; };
		B25FEEB11B731308004AF2DD /* ViewController.h */ = {isa = PBXFileReference; lastKnownFileType = sourcecode.c.h; path = ViewController.h; sourceTree = "<group>"; };
		B25FEEB21B731308004AF2DD /* ViewController.m */ = {isa = PBXFileReference; lastKnownFileType = sourcecode.c.objc; path = ViewController.m; sourceTree = "<group>"; };
		B25FEEB51B731308004AF2DD /* Base */ = {isa = PBXFileReference; lastKnownFileType = file.storyboard; name = Base; path = Base.lproj/Main.storyboard; sourceTree = "<group>"; };
		B25FEEB71B731308004AF2DD /* Images.xcassets */ = {isa = PBXFileReference; lastKnownFileType = folder.assetcatalog; path = Images.xcassets; sourceTree = "<group>"; };
		B25FEEBA1B731308004AF2DD /* Base */ = {isa = PBXFileReference; lastKnownFileType = file.xib; name = Base; path = Base.lproj/LaunchScreen.xib; sourceTree = "<group>"; };
		B25FEEC01B731308004AF2DD /* InfoShareTests.xctest */ = {isa = PBXFileReference; explicitFileType = wrapper.cfbundle; includeInIndex = 0; path = InfoShareTests.xctest; sourceTree = BUILT_PRODUCTS_DIR; };
		B25FEEC51B731308004AF2DD /* Info.plist */ = {isa = PBXFileReference; lastKnownFileType = text.plist.xml; path = Info.plist; sourceTree = "<group>"; };
		B25FEEC61B731308004AF2DD /* InfoShareTests.m */ = {isa = PBXFileReference; lastKnownFileType = sourcecode.c.objc; path = InfoShareTests.m; sourceTree = "<group>"; };
/* End PBXFileReference section */

/* Begin PBXFrameworksBuildPhase section */
		B25FEEA41B731308004AF2DD /* Frameworks */ = {
			isa = PBXFrameworksBuildPhase;
			buildActionMask = 2147483647;
			files = (
			);
			runOnlyForDeploymentPostprocessing = 0;
		};
		B25FEEBD1B731308004AF2DD /* Frameworks */ = {
			isa = PBXFrameworksBuildPhase;
			buildActionMask = 2147483647;
			files = (
			);
			runOnlyForDeploymentPostprocessing = 0;
		};
/* End PBXFrameworksBuildPhase section */

/* Begin PBXGroup section */
		B25FEE9E1B731308004AF2DD = {
			isa = PBXGroup;
			children = (
				B25FEEA91B731308004AF2DD /* InfoShare */,
				B25FEEC31B731308004AF2DD /* InfoShareTests */,
				B25FEEA81B731308004AF2DD /* Products */,
			);
			sourceTree = "<group>";
		};
		B25FEEA81B731308004AF2DD /* Products */ = {
			isa = PBXGroup;
			children = (
				B25FEEA71B731308004AF2DD /* InfoShare.app */,
				B25FEEC01B731308004AF2DD /* InfoShareTests.xctest */,
			);
			name = Products;
			sourceTree = "<group>";
		};
		B25FEEA91B731308004AF2DD /* InfoShare */ = {
			isa = PBXGroup;
			children = (
				B25FEEAE1B731308004AF2DD /* AppDelegate.h */,
				B25FEEAF1B731308004AF2DD /* AppDelegate.m */,
				B25FEEB11B731308004AF2DD /* ViewController.h */,
				B25FEEB21B731308004AF2DD /* ViewController.m */,
				B25FEEB41B731308004AF2DD /* Main.storyboard */,
				B25FEEB71B731308004AF2DD /* Images.xcassets */,
				B25FEEB91B731308004AF2DD /* LaunchScreen.xib */,
				B25FEEAA1B731308004AF2DD /* Supporting Files */,
			);
			path = InfoShare;
			sourceTree = "<group>";
		};
		B25FEEAA1B731308004AF2DD /* Supporting Files */ = {
			isa = PBXGroup;
			children = (
				B25FEEAB1B731308004AF2DD /* Info.plist */,
				B25FEEAC1B731308004AF2DD /* main.m */,
			);
			name = "Supporting Files";
			sourceTree = "<group>";
		};
		B25FEEC31B731308004AF2DD /* InfoShareTests */ = {
			isa = PBXGroup;
			children = (
				B25FEEC61B731308004AF2DD /* InfoShareTests.m */,
				B25FEEC41B731308004AF2DD /* Supporting Files */,
			);
			path = InfoShareTests;
			sourceTree = "<group>";
		};
		B25FEEC41B731308004AF2DD /* Supporting Files */ = {
			isa = PBXGroup;
			children = (
				B25FEEC51B731308004AF2DD /* Info.plist */,
			);
			name = "Supporting Files";
			sourceTree = "<group>";
		};
/* End PBXGroup section */

/* Begin PBXNativeTarget section */
		B25FEEA61B731308004AF2DD /* InfoShare */ = {
			isa = PBXNativeTarget;
			buildConfigurationList = B25FEECA1B731308004AF2DD /* Build configuration list for PBXNativeTarget "InfoShare" */;
			buildPhases = (
				B25FEEA31B731308004AF2DD /* Sources */,
				B25FEEA41B731308004AF2DD /* Frameworks */,
				B25FEEA51B731308004AF2DD /* Resources */,
			);
			buildRules = (
			);
			dependencies = (
			);
			name = InfoShare;
			productName = InfoShare;
			productReference = B25FEEA71B731308004AF2DD /* InfoShare.app */;
			productType = "com.apple.product-type.application";
		};
		B25FEEBF1B731308004AF2DD /* InfoShareTests */ = {
			isa = PBXNativeTarget;
			buildConfigurationList = B25FEECD1B731308004AF2DD /* Build configuration list for PBXNativeTarget "InfoShareTests" */;
			buildPhases = (
				B25FEEBC1B731308004AF2DD /* Sources */,
				B25FEEBD1B731308004AF2DD /* Frameworks */,
				B25FEEBE1B731308004AF2DD /* Resources */,
			);
			buildRules = (
			);
			dependencies = (
				B25FEEC21B731308004AF2DD /* PBXTargetDependency */,
			);
			name = InfoShareTests;
			productName = InfoShareTests;
			productReference = B25FEEC01B731308004AF2DD /* InfoShareTests.xctest */;
			productType = "com.apple.product-type.bundle.unit-test";
		};
/* End PBXNativeTarget section */

/* Begin PBXProject section */
		B25FEE9F1B731308004AF2DD /* Project object */ = {
			isa = PBXProject;
			attributes = {
				LastUpgradeCheck = 0640;
				ORGANIZATIONNAME = xjw03;
				TargetAttributes = {
					B25FEEA61B731308004AF2DD = {
						CreatedOnToolsVersion = 6.4;
					};
					B25FEEBF1B731308004AF2DD = {
						CreatedOnToolsVersion = 6.4;
						TestTargetID = B25FEEA61B731308004AF2DD;
					};
				};
			};
			buildConfigurationList = B25FEEA21B731308004AF2DD /* Build configuration list for PBXProject "InfoShare" */;
			compatibilityVersion = "Xcode 3.2";
			developmentRegion = English;
			hasScannedForEncodings = 0;
			knownRegions = (
				en,
				Base,
			);
			mainGroup = B25FEE9E1B731308004AF2DD;
			productRefGroup = B25FEEA81B731308004AF2DD /* Products */;
			projectDirPath = "";
			projectRoot = "";
			targets = (
				B25FEEA61B731308004AF2DD /* InfoShare */,
				B25FEEBF1B731308004AF2DD /* InfoShareTests */,
			);
		};
/* End PBXProject section */

/* Begin PBXResourcesBuildPhase section */
		B25FEEA51B731308004AF2DD /* Resources */ = {
			isa = PBXResourcesBuildPhase;
			buildActionMask = 2147483647;
			files = (
				B25FEEB61B731308004AF2DD /* Main.storyboard in Resources */,
				B25FEEBB1B731308004AF2DD /* LaunchScreen.xib in Resources */,
				B25FEEB81B731308004AF2DD /* Images.xcassets in Resources */,
			);
			runOnlyForDeploymentPostprocessing = 0;
		};
		B25FEEBE1B731308004AF2DD /* Resources */ = {
			isa = PBXResourcesBuildPhase;
			buildActionMask = 2147483647;
			files = (
			);
			runOnlyForDeploymentPostprocessing = 0;
		};
/* End PBXResourcesBuildPhase section */

/* Begin PBXSourcesBuildPhase section */
		B25FEEA31B731308004AF2DD /* Sources */ = {
			isa = PBXSourcesBuildPhase;
			buildActionMask = 2147483647;
			files = (
				B25FEEB31B731308004AF2DD /* ViewController.m in Sources */,
				B25FEEB01B731308004AF2DD /* AppDelegate.m in Sources */,
				B25FEEAD1B731308004AF2DD /* main.m in Sources */,
			);
			runOnlyForDeploymentPostprocessing = 0;
		};
		B25FEEBC1B731308004AF2DD /* Sources */ = {
			isa = PBXSourcesBuildPhase;
			buildActionMask = 2147483647;
			files = (
				B25FEEC71B731308004AF2DD /* InfoShareTests.m in Sources */,
			);
			runOnlyForDeploymentPostprocessing = 0;
		};
/* End PBXSourcesBuildPhase section */

/* Begin PBXTargetDependency section */
		B25FEEC21B731308004AF2DD /* PBXTargetDependency */ = {
			isa = PBXTargetDependency;
			target = B25FEEA61B731308004AF2DD /* InfoShare */;
			targetProxy = B25FEEC11B731308004AF2DD /* PBXContainerItemProxy */;
		};
/* End PBXTargetDependency section */

/* Begin PBXVariantGroup section */
		B25FEEB41B731308004AF2DD /* Main.storyboard */ = {
			isa = PBXVariantGroup;
			children = (
				B25FEEB51B731308004AF2DD /* Base */,
			);
			name = Main.storyboard;
			sourceTree = "<group>";
		};
		B25FEEB91B731308004AF2DD /* LaunchScreen.xib */ = {
			isa = PBXVariantGroup;
			children = (
				B25FEEBA1B731308004AF2DD /* Base */,
			);
			name = LaunchScreen.xib;
			sourceTree = "<group>";
		};
/* End PBXVariantGroup section */

/* Begin XCBuildConfiguration section */
		B25FEEC81B731308004AF2DD /* Debug */ = {
			isa = XCBuildConfiguration;
			buildSettings = {
				ALWAYS_SEARCH_USER_PATHS = NO;
				CLANG_CXX_LANGUAGE_STANDARD = "gnu++0x";
				CLANG_CXX_LIBRARY = "libc++";
				CLANG_ENABLE_MODULES = YES;
				CLANG_ENABLE_OBJC_ARC = YES;
				CLANG_WARN_BOOL_CONVERSION = YES;
				CLANG_WARN_CONSTANT_CONVERSION = YES;
				CLANG_WARN_DIRECT_OBJC_ISA_USAGE = YES_ERROR;
				CLANG_WARN_EMPTY_BODY = YES;
				CLANG_WARN_ENUM_CONVERSION = YES;
				CLANG_WARN_INT_CONVERSION = YES;
				CLANG_WARN_OBJC_ROOT_CLASS = YES_ERROR;
				CLANG_WARN_UNREACHABLE_CODE = YES;
				CLANG_WARN__DUPLICATE_METHOD_MATCH = YES;
				"CODE_SIGN_IDENTITY[sdk=iphoneos*]" = "iPhone Developer";
				COPY_PHASE_STRIP = NO;
				DEBUG_INFORMATION_FORMAT = "dwarf-with-dsym";
				ENABLE_STRICT_OBJC_MSGSEND = YES;
				GCC_C_LANGUAGE_STANDARD = gnu99;
				GCC_DYNAMIC_NO_PIC = NO;
				GCC_NO_COMMON_BLOCKS = YES;
				GCC_OPTIMIZATION_LEVEL = 0;
				GCC_PREPROCESSOR_DEFINITIONS = (
					"DEBUG=1",
					"$(inherited)",
				);
				GCC_SYMBOLS_PRIVATE_EXTERN = NO;
				GCC_WARN_64_TO_32_BIT_CONVERSION = YES;
				GCC_WARN_ABOUT_RETURN_TYPE = YES_ERROR;
				GCC_WARN_UNDECLARED_SELECTOR = YES;
				GCC_WARN_UNINITIALIZED_AUTOS = YES_AGGRESSIVE;
				GCC_WARN_UNUSED_FUNCTION = YES;
				GCC_WARN_UNUSED_VARIABLE = YES;
				IPHONEOS_DEPLOYMENT_TARGET = 8.4;
				MTL_ENABLE_DEBUG_INFO = YES;
				ONLY_ACTIVE_ARCH = YES;
				SDKROOT = iphoneos;
			};
			name = Debug;
		};
		B25FEEC91B731308004AF2DD /* Release */ = {
			isa = XCBuildConfiguration;
			buildSettings = {
				ALWAYS_SEARCH_USER_PATHS = NO;
				CLANG_CXX_LANGUAGE_STANDARD = "gnu++0x";
				CLANG_CXX_LIBRARY = "libc++";
				CLANG_ENABLE_MODULES = YES;
				CLANG_ENABLE_OBJC_ARC = YES;
				CLANG_WARN_BOOL_CONVERSION = YES;
				CLANG_WARN_CONSTANT_CONVERSION = YES;
				CLANG_WARN_DIRECT_OBJC_ISA_USAGE = YES_ERROR;
				CLANG_WARN_EMPTY_BODY = YES;
				CLANG_WARN_ENUM_CONVERSION = YES;
				CLANG_WARN_INT_CONVERSION = YES;
				CLANG_WARN_OBJC_ROOT_CLASS = YES_ERROR;
				CLANG_WARN_UNREACHABLE_CODE = YES;
				CLANG_WARN__DUPLICATE_METHOD_MATCH = YES;
				"CODE_SIGN_IDENTITY[sdk=iphoneos*]" = "iPhone Developer";
				COPY_PHASE_STRIP = NO;
				DEBUG_INFORMATION_FORMAT = "dwarf-with-dsym";
				ENABLE_NS_ASSERTIONS = NO;
				ENABLE_STRICT_OBJC_MSGSEND = YES;
				GCC_C_LANGUAGE_STANDARD = gnu99;
				GCC_NO_COMMON_BLOCKS = YES;
				GCC_WARN_64_TO_32_BIT_CONVERSION = YES;
				GCC_WARN_ABOUT_RETURN_TYPE = YES_ERROR;
				GCC_WARN_UNDECLARED_SELECTOR = YES;
				GCC_WARN_UNINITIALIZED_AUTOS = YES_AGGRESSIVE;
				GCC_WARN_UNUSED_FUNCTION = YES;
				GCC_WARN_UNUSED_VARIABLE = YES;
				IPHONEOS_DEPLOYMENT_TARGET = 8.4;
				MTL_ENABLE_DEBUG_INFO = NO;
				SDKROOT = iphoneos;
				VALIDATE_PRODUCT = YES;
			};
			name = Release;
		};
		B25FEECB1B731308004AF2DD /* Debug */ = {
			isa = XCBuildConfiguration;
			buildSettings = {
				ASSETCATALOG_COMPILER_APPICON_NAME = AppIcon;
				INFOPLIST_FILE = InfoShare/Info.plist;
				LD_RUNPATH_SEARCH_PATHS = "$(inherited) @executable_path/Frameworks";
				PRODUCT_NAME = "$(TARGET_NAME)";
			};
			name = Debug;
		};
		B25FEECC1B731308004AF2DD /* Release */ = {
			isa = XCBuildConfiguration;
			buildSettings = {
				ASSETCATALOG_COMPILER_APPICON_NAME = AppIcon;
				INFOPLIST_FILE = InfoShare/Info.plist;
				LD_RUNPATH_SEARCH_PATHS = "$(inherited) @executable_path/Frameworks";
				PRODUCT_NAME = "$(TARGET_NAME)";
			};
			name = Release;
		};
		B25FEECE1B731308004AF2DD /* Debug */ = {
			isa = XCBuildConfiguration;
			buildSettings = {
				BUNDLE_LOADER = "$(TEST_HOST)";
				FRAMEWORK_SEARCH_PATHS = (
					"$(SDKROOT)/Developer/Library/Frameworks",
					"$(inherited)",
				);
				GCC_PREPROCESSOR_DEFINITIONS = (
					"DEBUG=1",
					"$(inherited)",
				);
				INFOPLIST_FILE = InfoShareTests/Info.plist;
				LD_RUNPATH_SEARCH_PATHS = "$(inherited) @executable_path/Frameworks @loader_path/Frameworks";
				PRODUCT_NAME = "$(TARGET_NAME)";
				TEST_HOST = "$(BUILT_PRODUCTS_DIR)/InfoShare.app/InfoShare";
			};
			name = Debug;
		};
		B25FEECF1B731308004AF2DD /* Release */ = {
			isa = XCBuildConfiguration;
			buildSettings = {
				BUNDLE_LOADER = "$(TEST_HOST)";
				FRAMEWORK_SEARCH_PATHS = (
					"$(SDKROOT)/Developer/Library/Frameworks",
					"$(inherited)",
				);
				INFOPLIST_FILE = InfoShareTests/Info.plist;
				LD_RUNPATH_SEARCH_PATHS = "$(inherited) @executable_path/Frameworks @loader_path/Frameworks";
				PRODUCT_NAME = "$(TARGET_NAME)";
				TEST_HOST = "$(BUILT_PRODUCTS_DIR)/InfoShare.app/InfoShare";
			};
			name = Release;
		};
/* End XCBuildConfiguration section */

/* Begin XCConfigurationList section */
		B25FEEA21B731308004AF2DD /* Build configuration list for PBXProject "InfoShare" */ = {
			isa = XCConfigurationList;
			buildConfigurations = (
				B25FEEC81B731308004AF2DD /* Debug */,
				B25FEEC91B731308004AF2DD /* Release */,
			);
			defaultConfigurationIsVisible = 0;
			defaultConfigurationName = Release;
		};
		B25FEECA1B731308004AF2DD /* Build configuration list for PBXNativeTarget "InfoShare" */ = {
			isa = XCConfigurationList;
			buildConfigurations = (
				B25FEECB1B731308004AF2DD /* Debug */,
				B25FEECC1B731308004AF2DD /* Release */,
			);
			defaultConfigurationIsVisible = 0;
		};
		B25FEECD1B731308004AF2DD /* Build configuration list for PBXNativeTarget "InfoShareTests" */ = {
			isa = XCConfigurationList;
			buildConfigurations = (
				B25FEECE1B731308004AF2DD /* Debug */,
				B25FEECF1B731308004AF2DD /* Release */,
			);
			defaultConfigurationIsVisible = 0;
		};
/* End XCConfigurationList section */
	};
	rootObject = B25FEE9F1B731308004AF2DD /* Project object */;
}
